
Microsoft Visual Studio Solution File, Format Version 12.00
# Visual Studio Version 17
VisualStudioVersion = 17.12.35514.174
MinimumVisualStudioVersion = 10.0.40219.1
Project("{FAE04EC0-301F-11D3-BF4B-00C04F79EFBC}") = "DalTest", "DalTest\DalTest.csproj", "{F2DDA0C0-8D36-4287-B8B5-1F0F8D422EE3}"
EndProject
Project("{FAE04EC0-301F-11D3-BF4B-00C04F79EFBC}") = "DalFacade", "DalFacade\DalFacade.csproj", "{E55F9E06-E989-46DB-9BC3-005BB6C2C5A3}"
EndProject
Project("{FAE04EC0-301F-11D3-BF4B-00C04F79EFBC}") = "DalList", "DalList\DalList.csproj", "{C383AEB1-D7C3-4B50-8E2D-4DD7C3DE5CF8}"
EndProject
Project("{FAE04EC0-301F-11D3-BF4B-00C04F79EFBC}") = "Tools", "Tools\Tools.csproj", "{178EDCEE-2079-4CE5-BDD7-61B9E27D15A0}"
EndProject
Project("{2150E333-8FDC-42A3-9474-1A3956D46DE8}") = "xml", "xml", "{A1A83469-62EF-470D-9DF9-0B00B45DB64F}"
	ProjectSection(SolutionItems) = preProject
		xml\clients.xml = xml\clients.xml
		xml\dal-config.xml = xml\dal-config.xml
		xml\data-config.xml = xml\data-config.xml
		xml\products.xml = xml\products.xml
		xml\sales.xml = xml\sales.xml
	EndProjectSection
EndProject
Project("{FAE04EC0-301F-11D3-BF4B-00C04F79EFBC}") = "BL", "BL\BL.csproj", "{E846A0A0-A784-4508-86B3-6BB8A5F6AE77}"
EndProject
Project("{FAE04EC0-301F-11D3-BF4B-00C04F79EFBC}") = "BlTest", "BlTest\BlTest.csproj", "{A5DCAAD4-A5B5-46BA-9780-94FE3A89E2D3}"
EndProject
Project("{2150E333-8FDC-42A3-9474-1A3956D46DE8}") = "Solution Items", "Solution Items", "{AA14A574-6F79-42F3-8895-7C03D03B5639}"
EndProject
Project("{FAE04EC0-301F-11D3-BF4B-00C04F79EFBC}") = "DalXml", "DalXml\DalXml.csproj", "{7D3E6D2F-8A4C-467D-9F24-1A3932018305}"
EndProject
Project("{FAE04EC0-301F-11D3-BF4B-00C04F79EFBC}") = "UI", "UI\UI.csproj", "{689BD27D-582C-44CD-A4DF-06D249F7B5E6}"
EndProject
Global
	GlobalSection(SolutionConfigurationPlatforms) = preSolution
		Debug|Any CPU = Debug|Any CPU
		Release|Any CPU = Release|Any CPU
	EndGlobalSection
	GlobalSection(ProjectConfigurationPlatforms) = postSolution
		{F2DDA0C0-8D36-4287-B8B5-1F0F8D422EE3}.Debug|Any CPU.ActiveCfg = Debug|Any CPU
		{F2DDA0C0-8D36-4287-B8B5-1F0F8D422EE3}.Debug|Any CPU.Build.0 = Debug|Any CPU
		{F2DDA0C0-8D36-4287-B8B5-1F0F8D422EE3}.Release|Any CPU.ActiveCfg = Release|Any CPU
		{F2DDA0C0-8D36-4287-B8B5-1F0F8D422EE3}.Release|Any CPU.Build.0 = Release|Any CPU
		{E55F9E06-E989-46DB-9BC3-005BB6C2C5A3}.Debug|Any CPU.ActiveCfg = Debug|Any CPU
		{E55F9E06-E989-46DB-9BC3-005BB6C2C5A3}.Debug|Any CPU.Build.0 = Debug|Any CPU
		{E55F9E06-E989-46DB-9BC3-005BB6C2C5A3}.Release|Any CPU.ActiveCfg = Release|Any CPU
		{E55F9E06-E989-46DB-9BC3-005BB6C2C5A3}.Release|Any CPU.Build.0 = Release|Any CPU
		{C383AEB1-D7C3-4B50-8E2D-4DD7C3DE5CF8}.Debug|Any CPU.ActiveCfg = Debug|Any CPU
		{C383AEB1-D7C3-4B50-8E2D-4DD7C3DE5CF8}.Debug|Any CPU.Build.0 = Debug|Any CPU
		{C383AEB1-D7C3-4B50-8E2D-4DD7C3DE5CF8}.Release|Any CPU.ActiveCfg = Release|Any CPU
		{C383AEB1-D7C3-4B50-8E2D-4DD7C3DE5CF8}.Release|Any CPU.Build.0 = Release|Any CPU
		{178EDCEE-2079-4CE5-BDD7-61B9E27D15A0}.Debug|Any CPU.ActiveCfg = Debug|Any CPU
		{178EDCEE-2079-4CE5-BDD7-61B9E27D15A0}.Debug|Any CPU.Build.0 = Debug|Any CPU
		{178EDCEE-2079-4CE5-BDD7-61B9E27D15A0}.Release|Any CPU.ActiveCfg = Release|Any CPU
		{178EDCEE-2079-4CE5-BDD7-61B9E27D15A0}.Release|Any CPU.Build.0 = Release|Any CPU
		{E846A0A0-A784-4508-86B3-6BB8A5F6AE77}.Debug|Any CPU.ActiveCfg = Debug|Any CPU
		{E846A0A0-A784-4508-86B3-6BB8A5F6AE77}.Debug|Any CPU.Build.0 = Debug|Any CPU
		{E846A0A0-A784-4508-86B3-6BB8A5F6AE77}.Release|Any CPU.ActiveCfg = Release|Any CPU
		{E846A0A0-A784-4508-86B3-6BB8A5F6AE77}.Release|Any CPU.Build.0 = Release|Any CPU
		{A5DCAAD4-A5B5-46BA-9780-94FE3A89E2D3}.Debug|Any CPU.ActiveCfg = Debug|Any CPU
		{A5DCAAD4-A5B5-46BA-9780-94FE3A89E2D3}.Debug|Any CPU.Build.0 = Debug|Any CPU
		{A5DCAAD4-A5B5-46BA-9780-94FE3A89E2D3}.Release|Any CPU.ActiveCfg = Release|Any CPU
		{A5DCAAD4-A5B5-46BA-9780-94FE3A89E2D3}.Release|Any CPU.Build.0 = Release|Any CPU
		{7D3E6D2F-8A4C-467D-9F24-1A3932018305}.Debug|Any CPU.ActiveCfg = Debug|Any CPU
		{7D3E6D2F-8A4C-467D-9F24-1A3932018305}.Debug|Any CPU.Build.0 = Debug|Any CPU
		{7D3E6D2F-8A4C-467D-9F24-1A3932018305}.Release|Any CPU.ActiveCfg = Release|Any CPU
		{7D3E6D2F-8A4C-467D-9F24-1A3932018305}.Release|Any CPU.Build.0 = Release|Any CPU
		{689BD27D-582C-44CD-A4DF-06D249F7B5E6}.Debug|Any CPU.ActiveCfg = Debug|Any CPU
		{689BD27D-582C-44CD-A4DF-06D249F7B5E6}.Debug|Any CPU.Build.0 = Debug|Any CPU
		{689BD27D-582C-44CD-A4DF-06D249F7B5E6}.Release|Any CPU.ActiveCfg = Release|Any CPU
		{689BD27D-582C-44CD-A4DF-06D249F7B5E6}.Release|Any CPU.Build.0 = Release|Any CPU
	EndGlobalSection
	GlobalSection(SolutionProperties) = preSolution
		HideSolutionNode = FALSE
	EndGlobalSection
EndGlobal
